// !$*UTF8*$!
{
	archiveVersion = 1;
	classes = {
	};
	objectVersion = 50;
	objects = {

/* Begin PBXBuildFile section */
		02F96A5921DB682000678C7B /* AppDelegate.swift in Sources */ = {isa = PBXBuildFile; fileRef = 02F96A5821DB682000678C7B /* AppDelegate.swift */; };
		02F96A5B21DB682000678C7B /* ViewController.swift in Sources */ = {isa = PBXBuildFile; fileRef = 02F96A5A21DB682000678C7B /* ViewController.swift */; };
		02F96A5E21DB682000678C7B /* Main.storyboard in Resources */ = {isa = PBXBuildFile; fileRef = 02F96A5C21DB682000678C7B /* Main.storyboard */; };
		02F96A6021DB682000678C7B /* Assets.xcassets in Resources */ = {isa = PBXBuildFile; fileRef = 02F96A5F21DB682000678C7B /* Assets.xcassets */; };
		02F96A6321DB682000678C7B /* LaunchScreen.storyboard in Resources */ = {isa = PBXBuildFile; fileRef = 02F96A6121DB682000678C7B /* LaunchScreen.storyboard */; };
		02F96A7121DB683200678C7B /* SHProgressView.swift in Sources */ = {isa = PBXBuildFile; fileRef = 02F96A6B21DB683200678C7B /* SHProgressView.swift */; };
		02F96A7221DB683200678C7B /* SHCell.swift in Sources */ = {isa = PBXBuildFile; fileRef = 02F96A6D21DB683200678C7B /* SHCell.swift */; };
		02F96A7321DB683200678C7B /* SHCell.xib in Resources */ = {isa = PBXBuildFile; fileRef = 02F96A6E21DB683200678C7B /* SHCell.xib */; };
		02F96A7421DB683200678C7B /* ProgressView.swift in Sources */ = {isa = PBXBuildFile; fileRef = 02F96A7021DB683200678C7B /* ProgressView.swift */; };
/* End PBXBuildFile section */

/* Begin PBXFileReference section */
		02F96A5521DB682000678C7B /* SHProgressSample.app */ = {isa = PBXFileReference; explicitFileType = wrapper.application; includeInIndex = 0; path = SHProgressSample.app; sourceTree = BUILT_PRODUCTS_DIR; };
		02F96A5821DB682000678C7B /* AppDelegate.swift */ = {isa = PBXFileReference; lastKnownFileType = sourcecode.swift; path = AppDelegate.swift; sourceTree = "<group>"; };
		02F96A5A21DB682000678C7B /* ViewController.swift */ = {isa = PBXFileReference; lastKnownFileType = sourcecode.swift; path = ViewController.swift; sourceTree = "<group>"; };
		02F96A5D21DB682000678C7B /* Base */ = {isa = PBXFileReference; lastKnownFileType = file.storyboard; name = Base; path = Base.lproj/Main.storyboard; sourceTree = "<group>"; };
		02F96A5F21DB682000678C7B /* Assets.xcassets */ = {isa = PBXFileReference; lastKnownFileType = folder.assetcatalog; path = Assets.xcassets; sourceTree = "<group>"; };
		02F96A6221DB682000678C7B /* Base */ = {isa = PBXFileReference; lastKnownFileType = file.storyboard; name = Base; path = Base.lproj/LaunchScreen.storyboard; sourceTree = "<group>"; };
		02F96A6421DB682000678C7B /* Info.plist */ = {isa = PBXFileReference; lastKnownFileType = text.plist.xml; path = Info.plist; sourceTree = "<group>"; };
		02F96A6B21DB683200678C7B /* SHProgressView.swift */ = {isa = PBXFileReference; fileEncoding = 4; lastKnownFileType = sourcecode.swift; path = SHProgressView.swift; sourceTree = "<group>"; };
		02F96A6D21DB683200678C7B /* SHCell.swift */ = {isa = PBXFileReference; fileEncoding = 4; lastKnownFileType = sourcecode.swift; path = SHCell.swift; sourceTree = "<group>"; };
		02F96A6E21DB683200678C7B /* SHCell.xib */ = {isa = PBXFileReference; fileEncoding = 4; lastKnownFileType = file.xib; path = SHCell.xib; sourceTree = "<group>"; };
		02F96A7021DB683200678C7B /* ProgressView.swift */ = {isa = PBXFileReference; fileEncoding = 4; lastKnownFileType = sourcecode.swift; path = ProgressView.swift; sourceTree = "<group>"; };
/* End PBXFileReference section */

/* Begin PBXFrameworksBuildPhase section */
		02F96A5221DB682000678C7B /* Frameworks */ = {
			isa = PBXFrameworksBuildPhase;
			buildActionMask = 2147483647;
			files = (
			);
			runOnlyForDeploymentPostprocessing = 0;
		};
/* End PBXFrameworksBuildPhase section */

/* Begin PBXGroup section */
		02F96A4C21DB682000678C7B = {
			isa = PBXGroup;
			children = (
				02F96A6A21DB683200678C7B /* SHProgressView */,
				02F96A5721DB682000678C7B /* SHProgressSample */,
				02F96A5621DB682000678C7B /* Products */,
			);
			sourceTree = "<group>";
		};
		02F96A5621DB682000678C7B /* Products */ = {
			isa = PBXGroup;
			children = (
				02F96A5521DB682000678C7B /* SHProgressSample.app */,
			);
			name = Products;
			sourceTree = "<group>";
		};
		02F96A5721DB682000678C7B /* SHProgressSample */ = {
			isa = PBXGroup;
			children = (
				02F96A5821DB682000678C7B /* AppDelegate.swift */,
				02F96A5A21DB682000678C7B /* ViewController.swift */,
				02F96A5C21DB682000678C7B /* Main.storyboard */,
				02F96A5F21DB682000678C7B /* Assets.xcassets */,
				02F96A6121DB682000678C7B /* LaunchScreen.storyboard */,
				02F96A6421DB682000678C7B /* Info.plist */,
			);
			path = SHProgressSample;
			sourceTree = "<group>";
		};
		02F96A6A21DB683200678C7B /* SHProgressView */ = {
			isa = PBXGroup;
			children = (
				02F96A6B21DB683200678C7B /* SHProgressView.swift */,
				02F96A6C21DB683200678C7B /* View */,
				02F96A6F21DB683200678C7B /* Helper */,
			);
			path = SHProgressView;
			sourceTree = "<group>";
		};
		02F96A6C21DB683200678C7B /* View */ = {
			isa = PBXGroup;
			children = (
				02F96A6D21DB683200678C7B /* SHCell.swift */,
				02F96A6E21DB683200678C7B /* SHCell.xib */,
			);
			path = View;
			sourceTree = "<group>";
		};
		02F96A6F21DB683200678C7B /* Helper */ = {
			isa = PBXGroup;
			children = (
				02F96A7021DB683200678C7B /* ProgressView.swift */,
			);
			path = Helper;
			sourceTree = "<group>";
		};
/* End PBXGroup section */

/* Begin PBXNativeTarget section */
		02F96A5421DB682000678C7B /* SHProgressSample */ = {
			isa = PBXNativeTarget;
			buildConfigurationList = 02F96A6721DB682000678C7B /* Build configuration list for PBXNativeTarget "SHProgressSample" */;
			buildPhases = (
				02F96A5121DB682000678C7B /* Sources */,
				02F96A5221DB682000678C7B /* Frameworks */,
				02F96A5321DB682000678C7B /* Resources */,
			);
			buildRules = (
			);
			dependencies = (
			);
			name = SHProgressSample;
			productName = SHProgressSample;
			productReference = 02F96A5521DB682000678C7B /* SHProgressSample.app */;
			productType = "com.apple.product-type.application";
		};
/* End PBXNativeTarget section */

/* Begin PBXProject section */
		02F96A4D21DB682000678C7B /* Project object */ = {
			isa = PBXProject;
			attributes = {
				LastSwiftUpdateCheck = 1010;
				LastUpgradeCheck = 1010;
				ORGANIZATIONNAME = SH;
				TargetAttributes = {
					02F96A5421DB682000678C7B = {
						CreatedOnToolsVersion = 10.1;
					};
				};
			};
			buildConfigurationList = 02F96A5021DB682000678C7B /* Build configuration list for PBXProject "SHProgressSample" */;
			compatibilityVersion = "Xcode 9.3";
			developmentRegion = en;
			hasScannedForEncodings = 0;
			knownRegions = (
				en,
				Base,
			);
			mainGroup = 02F96A4C21DB682000678C7B;
			productRefGroup = 02F96A5621DB682000678C7B /* Products */;
			projectDirPath = "";
			projectRoot = "";
			targets = (
				02F96A5421DB682000678C7B /* SHProgressSample */,
			);
		};
/* End PBXProject section */

/* Begin PBXResourcesBuildPhase section */
		02F96A5321DB682000678C7B /* Resources */ = {
			isa = PBXResourcesBuildPhase;
			buildActionMask = 2147483647;
			files = (
				02F96A6321DB682000678C7B /* LaunchScreen.storyboard in Resources */,
				02F96A6021DB682000678C7B /* Assets.xcassets in Resources */,
				02F96A7321DB683200678C7B /* SHCell.xib in Resources */,
				02F96A5E21DB682000678C7B /* Main.storyboard in Resources */,
			);
			runOnlyForDeploymentPostprocessing = 0;
		};
/* End PBXResourcesBuildPhase section */

/* Begin PBXSourcesBuildPhase section */
		02F96A5121DB682000678C7B /* Sources */ = {
			isa = PBXSourcesBuildPhase;
			buildActionMask = 2147483647;
			files = (
				02F96A5B21DB682000678C7B /* ViewController.swift in Sources */,
				02F96A5921DB682000678C7B /* AppDelegate.swift in Sources */,
				02F96A7421DB683200678C7B /* ProgressView.swift in Sources */,
				02F96A7221DB683200678C7B /* SHCell.swift in Sources */,
				02F96A7121DB683200678C7B /* SHProgressView.swift in Sources */,
			);
			runOnlyForDeploymentPostprocessing = 0;
		};
/* End PBXSourcesBuildPhase section */

/* Begin PBXVariantGroup section */
		02F96A5C21DB682000678C7B /* Main.storyboard */ = {
			isa = PBXVariantGroup;
			children = (
				02F96A5D21DB682000678C7B /* Base */,
			);
			name = Main.storyboard;
			sourceTree = "<group>";
		};
		02F96A6121DB682000678C7B /* LaunchScreen.storyboard */ = {
			isa = PBXVariantGroup;
			children = (
				02F96A6221DB682000678C7B /* Base */,
			);
			name = LaunchScreen.storyboard;
			sourceTree = "<group>";
		};
/* End PBXVariantGroup section */

/* Begin XCBuildConfiguration section */
		02F96A6521DB682000678C7B /* Debug */ = {
			isa = XCBuildConfiguration;
			buildSettings = {
				ALWAYS_SEARCH_USER_PATHS = NO;
				CLANG_ANALYZER_NONNULL = YES;
				CLANG_ANALYZER_NUMBER_OBJECT_CONVERSION = YES_AGGRESSIVE;
				CLANG_CXX_LANGUAGE_STANDARD = "gnu++14";
				CLANG_CXX_LIBRARY = "libc++";
				CLANG_ENABLE_MODULES = YES;
				CLANG_ENABLE_OBJC_ARC = YES;
				CLANG_ENABLE_OBJC_WEAK = YES;
				CLANG_WARN_BLOCK_CAPTURE_AUTORELEASING = YES;
				CLANG_WARN_BOOL_CONVERSION = YES;
				CLANG_WARN_COMMA = YES;
				CLANG_WARN_CONSTANT_CONVERSION = YES;
				CLANG_WARN_DEPRECATED_OBJC_IMPLEMENTATIONS = YES;
				CLANG_WARN_DIRECT_OBJC_ISA_USAGE = YES_ERROR;
				CLANG_WARN_DOCUMENTATION_COMMENTS = YES;
				CLANG_WARN_EMPTY_BODY = YES;
				CLANG_WARN_ENUM_CONVERSION = YES;
				CLANG_WARN_INFINITE_RECURSION = YES;
				CLANG_WARN_INT_CONVERSION = YES;
				CLANG_WARN_NON_LITERAL_NULL_CONVERSION = YES;
				CLANG_WARN_OBJC_IMPLICIT_RETAIN_SELF = YES;
				CLANG_WARN_OBJC_LITERAL_CONVERSION = YES;
				CLANG_WARN_OBJC_ROOT_CLASS = YES_ERROR;
				CLANG_WARN_RANGE_LOOP_ANALYSIS = YES;
				CLANG_WARN_STRICT_PROTOTYPES = YES;
				CLANG_WARN_SUSPICIOUS_MOVE = YES;
				CLANG_WARN_UNGUARDED_AVAILABILITY = YES_AGGRESSIVE;
				CLANG_WARN_UNREACHABLE_CODE = YES;
				CLANG_WARN__DUPLICATE_METHOD_MATCH = YES;
				CODE_SIGN_IDENTITY = "iPhone Developer";
				COPY_PHASE_STRIP = NO;
				DEBUG_INFORMATION_FORMAT = dwarf;
				ENABLE_STRICT_OBJC_MSGSEND = YES;
				ENABLE_TESTABILITY = YES;
				GCC_C_LANGUAGE_STANDARD = gnu11;
				GCC_DYNAMIC_NO_PIC = NO;
				GCC_NO_COMMON_BLOCKS = YES;
				GCC_OPTIMIZATION_LEVEL = 0;
				GCC_PREPROCESSOR_DEFINITIONS = (
					"DEBUG=1",
					"$(inherited)",
				);
				GCC_WARN_64_TO_32_BIT_CONVERSION = YES;
				GCC_WARN_ABOUT_RETURN_TYPE = YES_ERROR;
				GCC_WARN_UNDECLARED_SELECTOR = YES;
				GCC_WARN_UNINITIALIZED_AUTOS = YES_AGGRESSIVE;
				GCC_WARN_UNUSED_FUNCTION = YES;
				GCC_WARN_UNUSED_VARIABLE = YES;
				IPHONEOS_DEPLOYMENT_TARGET = 12.1;
				MTL_ENABLE_DEBUG_INFO = INCLUDE_SOURCE;
				MTL_FAST_MATH = YES;
				ONLY_ACTIVE_ARCH = YES;
				SDKROOT = iphoneos;
				SWIFT_ACTIVE_COMPILATION_CONDITIONS = DEBUG;
				SWIFT_OPTIMIZATION_LEVEL = "-Onone";
			};
			name = Debug;
		};
		02F96A6621DB682000678C7B /* Release */ = {
			isa = XCBuildConfiguration;
			buildSettings = {
				ALWAYS_SEARCH_USER_PATHS = NO;
				CLANG_ANALYZER_NONNULL = YES;
				CLANG_ANALYZER_NUMBER_OBJECT_CONVERSION = YES_AGGRESSIVE;
				CLANG_CXX_LANGUAGE_STANDARD = "gnu++14";
				CLANG_CXX_LIBRARY = "libc++";
				CLANG_ENABLE_MODULES = YES;
				CLANG_ENABLE_OBJC_ARC = YES;
				CLANG_ENABLE_OBJC_WEAK = YES;
				CLANG_WARN_BLOCK_CAPTURE_AUTORELEASING = YES;
				CLANG_WARN_BOOL_CONVERSION = YES;
				CLANG_WARN_COMMA = YES;
				CLANG_WARN_CONSTANT_CONVERSION = YES;
				CLANG_WARN_DEPRECATED_OBJC_IMPLEMENTATIONS = YES;
				CLANG_WARN_DIRECT_OBJC_ISA_USAGE = YES_ERROR;
				CLANG_WARN_DOCUMENTATION_COMMENTS = YES;
				CLANG_WARN_EMPTY_BODY = YES;
				CLANG_WARN_ENUM_CONVERSION = YES;
				CLANG_WARN_INFINITE_RECURSION = YES;
				CLANG_WARN_INT_CONVERSION = YES;
				CLANG_WARN_NON_LITERAL_NULL_CONVERSION = YES;
				CLANG_WARN_OBJC_IMPLICIT_RETAIN_SELF = YES;
				CLANG_WARN_OBJC_LITERAL_CONVERSION = YES;
				CLANG_WARN_OBJC_ROOT_CLASS = YES_ERROR;
				CLANG_WARN_RANGE_LOOP_ANALYSIS = YES;
				CLANG_WARN_STRICT_PROTOTYPES = YES;
				CLANG_WARN_SUSPICIOUS_MOVE = YES;
				CLANG_WARN_UNGUARDED_AVAILABILITY = YES_AGGRESSIVE;
				CLANG_WARN_UNREACHABLE_CODE = YES;
				CLANG_WARN__DUPLICATE_METHOD_MATCH = YES;
				CODE_SIGN_IDENTITY = "iPhone Developer";
				COPY_PHASE_STRIP = NO;
				DEBUG_INFORMATION_FORMAT = "dwarf-with-dsym";
				ENABLE_NS_ASSERTIONS = NO;
				ENABLE_STRICT_OBJC_MSGSEND = YES;
				GCC_C_LANGUAGE_STANDARD = gnu11;
				GCC_NO_COMMON_BLOCKS = YES;
				GCC_WARN_64_TO_32_BIT_CONVERSION = YES;
				GCC_WARN_ABOUT_RETURN_TYPE = YES_ERROR;
				GCC_WARN_UNDECLARED_SELECTOR = YES;
				GCC_WARN_UNINITIALIZED_AUTOS = YES_AGGRESSIVE;
				GCC_WARN_UNUSED_FUNCTION = YES;
				GCC_WARN_UNUSED_VARIABLE = YES;
				IPHONEOS_DEPLOYMENT_TARGET = 12.1;
				MTL_ENABLE_DEBUG_INFO = NO;
				MTL_FAST_MATH = YES;
				SDKROOT = iphoneos;
				SWIFT_COMPILATION_MODE = wholemodule;
				SWIFT_OPTIMIZATION_LEVEL = "-O";
				VALIDATE_PRODUCT = YES;
			};
			name = Release;
		};
		02F96A6821DB682000678C7B /* Debug */ = {
			isa = XCBuildConfiguration;
			buildSettings = {
				ASSETCATALOG_COMPILER_APPICON_NAME = AppIcon;
				CODE_SIGN_STYLE = Automatic;
				INFOPLIST_FILE = SHProgressSample/Info.plist;
				LD_RUNPATH_SEARCH_PATHS = (
					"$(inherited)",
					"@executable_path/Frameworks",
				);
				PRODUCT_BUNDLE_IDENTIFIER = com.SH.SHProgressSample;
				PRODUCT_NAME = "$(TARGET_NAME)";
				SWIFT_VERSION = 4.2;
				TARGETED_DEVICE_FAMILY = "1,2";
			};
			name = Debug;
		};
		02F96A6921DB682000678C7B /* Release */ = {
			isa = XCBuildConfiguration;
			buildSettings = {
				ASSETCATALOG_COMPILER_APPICON_NAME = AppIcon;
				CODE_SIGN_STYLE = Automatic;
				INFOPLIST_FILE = SHProgressSample/Info.plist;
				LD_RUNPATH_SEARCH_PATHS = (
					"$(inherited)",
					"@executable_path/Frameworks",
				);
				PRODUCT_BUNDLE_IDENTIFIER = com.SH.SHProgressSample;
				PRODUCT_NAME = "$(TARGET_NAME)";
				SWIFT_VERSION = 4.2;
				TARGETED_DEVICE_FAMILY = "1,2";
			};
			name = Release;
		};
/* End XCBuildConfiguration section */

/* Begin XCConfigurationList section */
		02F96A5021DB682000678C7B /* Build configuration list for PBXProject "SHProgressSample" */ = {
			isa = XCConfigurationList;
			buildConfigurations = (
				02F96A6521DB682000678C7B /* Debug */,
				02F96A6621DB682000678C7B /* Release */,
			);
			defaultConfigurationIsVisible = 0;
			defaultConfigurationName = Release;
		};
		02F96A6721DB682000678C7B /* Build configuration list for PBXNativeTarget "SHProgressSample" */ = {
			isa = XCConfigurationList;
			buildConfigurations = (
				02F96A6821DB682000678C7B /* Debug */,
				02F96A6921DB682000678C7B /* Release */,
			);
			defaultConfigurationIsVisible = 0;
			defaultConfigurationName = Release;
		};
/* End XCConfigurationList section */
	};
	rootObject = 02F96A4D21DB682000678C7B /* Project object */;
}
